// !$*UTF8*$!
{
	archiveVersion = 1;
	classes = {
	};
	objectVersion = 50;
	objects = {

/* Begin PBXBuildFile section */
		0A63BCAE2382AB57009372E9 /* BubbleManager.swift in Sources */ = {isa = PBXBuildFile; fileRef = 0A63BCAD2382AB57009372E9 /* BubbleManager.swift */; };
		38392257238E3E09000A9B0E /* BluetoothCentral.swift in Sources */ = {isa = PBXBuildFile; fileRef = 38392256238E3E09000A9B0E /* BluetoothCentral.swift */; };
		38392259238E3E46000A9B0E /* BluetoothPeripheral.swift in Sources */ = {isa = PBXBuildFile; fileRef = 38392258238E3E46000A9B0E /* BluetoothPeripheral.swift */; };
		389CEE562387A2E0003ED291 /* ReceivedBubbles.swift in Sources */ = {isa = PBXBuildFile; fileRef = 389CEE552387A2E0003ED291 /* ReceivedBubbles.swift */; };
		389CEE582387A343003ED291 /* SentBubbles.swift in Sources */ = {isa = PBXBuildFile; fileRef = 389CEE572387A343003ED291 /* SentBubbles.swift */; };
		38B5A37C238279430030BD76 /* textData.json in Resources */ = {isa = PBXBuildFile; fileRef = 38B5A37B238279430030BD76 /* textData.json */; };
		38D875B923817F6C00D8D0AA /* Bubble.swift in Sources */ = {isa = PBXBuildFile; fileRef = 38D875B823817F6C00D8D0AA /* Bubble.swift */; };
		38D875BD238180A700D8D0AA /* BubbleView.swift in Sources */ = {isa = PBXBuildFile; fileRef = 38D875BC238180A700D8D0AA /* BubbleView.swift */; };
		38D875BF238180DA00D8D0AA /* OneBubble.swift in Sources */ = {isa = PBXBuildFile; fileRef = 38D875BE238180DA00D8D0AA /* OneBubble.swift */; };
		38FF0919237C236700E2CF31 /* AppDelegate.swift in Sources */ = {isa = PBXBuildFile; fileRef = 38FF0918237C236700E2CF31 /* AppDelegate.swift */; };
		38FF091B237C236700E2CF31 /* SceneDelegate.swift in Sources */ = {isa = PBXBuildFile; fileRef = 38FF091A237C236700E2CF31 /* SceneDelegate.swift */; };
		38FF091D237C236700E2CF31 /* ViewController.swift in Sources */ = {isa = PBXBuildFile; fileRef = 38FF091C237C236700E2CF31 /* ViewController.swift */; };
		38FF0920237C236700E2CF31 /* Main.storyboard in Resources */ = {isa = PBXBuildFile; fileRef = 38FF091E237C236700E2CF31 /* Main.storyboard */; };
		38FF0922237C236900E2CF31 /* Assets.xcassets in Resources */ = {isa = PBXBuildFile; fileRef = 38FF0921237C236900E2CF31 /* Assets.xcassets */; };
		38FF0925237C236900E2CF31 /* LaunchScreen.storyboard in Resources */ = {isa = PBXBuildFile; fileRef = 38FF0923237C236900E2CF31 /* LaunchScreen.storyboard */; };
/* End PBXBuildFile section */

/* Begin PBXFileReference section */
		0A63BCAD2382AB57009372E9 /* BubbleManager.swift */ = {isa = PBXFileReference; lastKnownFileType = sourcecode.swift; path = BubbleManager.swift; sourceTree = "<group>"; };
		38392256238E3E09000A9B0E /* BluetoothCentral.swift */ = {isa = PBXFileReference; lastKnownFileType = sourcecode.swift; path = BluetoothCentral.swift; sourceTree = "<group>"; };
		38392258238E3E46000A9B0E /* BluetoothPeripheral.swift */ = {isa = PBXFileReference; lastKnownFileType = sourcecode.swift; path = BluetoothPeripheral.swift; sourceTree = "<group>"; };
		389CEE552387A2E0003ED291 /* ReceivedBubbles.swift */ = {isa = PBXFileReference; lastKnownFileType = sourcecode.swift; path = ReceivedBubbles.swift; sourceTree = "<group>"; };
		389CEE572387A343003ED291 /* SentBubbles.swift */ = {isa = PBXFileReference; lastKnownFileType = sourcecode.swift; path = SentBubbles.swift; sourceTree = "<group>"; };
		38B5A37B238279430030BD76 /* textData.json */ = {isa = PBXFileReference; fileEncoding = 4; lastKnownFileType = text.json; path = textData.json; sourceTree = "<group>"; };
		38D875B823817F6C00D8D0AA /* Bubble.swift */ = {isa = PBXFileReference; lastKnownFileType = sourcecode.swift; path = Bubble.swift; sourceTree = "<group>"; };
		38D875BC238180A700D8D0AA /* BubbleView.swift */ = {isa = PBXFileReference; lastKnownFileType = sourcecode.swift; path = BubbleView.swift; sourceTree = "<group>"; };
		38D875BE238180DA00D8D0AA /* OneBubble.swift */ = {isa = PBXFileReference; lastKnownFileType = sourcecode.swift; path = OneBubble.swift; sourceTree = "<group>"; };
		38FF0915237C236700E2CF31 /* BubbleTalk.app */ = {isa = PBXFileReference; explicitFileType = wrapper.application; includeInIndex = 0; path = BubbleTalk.app; sourceTree = BUILT_PRODUCTS_DIR; };
		38FF0918237C236700E2CF31 /* AppDelegate.swift */ = {isa = PBXFileReference; lastKnownFileType = sourcecode.swift; path = AppDelegate.swift; sourceTree = "<group>"; };
		38FF091A237C236700E2CF31 /* SceneDelegate.swift */ = {isa = PBXFileReference; lastKnownFileType = sourcecode.swift; path = SceneDelegate.swift; sourceTree = "<group>"; };
		38FF091C237C236700E2CF31 /* ViewController.swift */ = {isa = PBXFileReference; lastKnownFileType = sourcecode.swift; path = ViewController.swift; sourceTree = "<group>"; };
		38FF091F237C236700E2CF31 /* Base */ = {isa = PBXFileReference; lastKnownFileType = file.storyboard; name = Base; path = Base.lproj/Main.storyboard; sourceTree = "<group>"; };
		38FF0921237C236900E2CF31 /* Assets.xcassets */ = {isa = PBXFileReference; lastKnownFileType = folder.assetcatalog; path = Assets.xcassets; sourceTree = "<group>"; };
		38FF0924237C236900E2CF31 /* Base */ = {isa = PBXFileReference; lastKnownFileType = file.storyboard; name = Base; path = Base.lproj/LaunchScreen.storyboard; sourceTree = "<group>"; };
		38FF0926237C236900E2CF31 /* Info.plist */ = {isa = PBXFileReference; lastKnownFileType = text.plist.xml; path = Info.plist; sourceTree = "<group>"; };
/* End PBXFileReference section */

/* Begin PBXFrameworksBuildPhase section */
		38FF0912237C236700E2CF31 /* Frameworks */ = {
			isa = PBXFrameworksBuildPhase;
			buildActionMask = 2147483647;
			files = (
			);
			runOnlyForDeploymentPostprocessing = 0;
		};
/* End PBXFrameworksBuildPhase section */

/* Begin PBXGroup section */
		1E029EA7237FAB5100889072 /* SwiftUIModules */ = {
			isa = PBXGroup;
			children = (
				38D875BC238180A700D8D0AA /* BubbleView.swift */,
				38D875BE238180DA00D8D0AA /* OneBubble.swift */,
				389CEE552387A2E0003ED291 /* ReceivedBubbles.swift */,
				389CEE572387A343003ED291 /* SentBubbles.swift */,
			);
			path = SwiftUIModules;
			sourceTree = "<group>";
		};
		38392255238E3DB9000A9B0E /* BluetoothModules */ = {
			isa = PBXGroup;
			children = (
				38392256238E3E09000A9B0E /* BluetoothCentral.swift */,
				38392258238E3E46000A9B0E /* BluetoothPeripheral.swift */,
			);
			path = BluetoothModules;
			sourceTree = "<group>";
		};
		38CF348D238278B9001206ED /* JSONSample */ = {
			isa = PBXGroup;
			children = (
				38B5A37B238279430030BD76 /* textData.json */,
			);
			path = JSONSample;
			sourceTree = "<group>";
		};
		38D875B723817E2000D8D0AA /* Models */ = {
			isa = PBXGroup;
			children = (
				38D875B823817F6C00D8D0AA /* Bubble.swift */,
				0A63BCAD2382AB57009372E9 /* BubbleManager.swift */,
			);
			path = Models;
			sourceTree = "<group>";
		};
		38FF090C237C236700E2CF31 = {
			isa = PBXGroup;
			children = (
				38FF0917237C236700E2CF31 /* BubbleTalk */,
				38FF0916237C236700E2CF31 /* Products */,
			);
			sourceTree = "<group>";
		};
		38FF0916237C236700E2CF31 /* Products */ = {
			isa = PBXGroup;
			children = (
				38FF0915237C236700E2CF31 /* BubbleTalk.app */,
			);
			name = Products;
			sourceTree = "<group>";
		};
		38FF0917237C236700E2CF31 /* BubbleTalk */ = {
			isa = PBXGroup;
			children = (
				38392255238E3DB9000A9B0E /* BluetoothModules */,
				38D875B723817E2000D8D0AA /* Models */,
				1E029EA7237FAB5100889072 /* SwiftUIModules */,
				38FF0918237C236700E2CF31 /* AppDelegate.swift */,
				38FF091A237C236700E2CF31 /* SceneDelegate.swift */,
				38FF091C237C236700E2CF31 /* ViewController.swift */,
				38FF091E237C236700E2CF31 /* Main.storyboard */,
				38FF0921237C236900E2CF31 /* Assets.xcassets */,
				38FF0923237C236900E2CF31 /* LaunchScreen.storyboard */,
				38FF0926237C236900E2CF31 /* Info.plist */,
				38CF348D238278B9001206ED /* JSONSample */,
			);
			path = BubbleTalk;
			sourceTree = "<group>";
		};
/* End PBXGroup section */

/* Begin PBXNativeTarget section */
		38FF0914237C236700E2CF31 /* BubbleTalk */ = {
			isa = PBXNativeTarget;
			buildConfigurationList = 38FF0929237C236900E2CF31 /* Build configuration list for PBXNativeTarget "BubbleTalk" */;
			buildPhases = (
				38FF0911237C236700E2CF31 /* Sources */,
				38FF0912237C236700E2CF31 /* Frameworks */,
				38FF0913237C236700E2CF31 /* Resources */,
			);
			buildRules = (
			);
			dependencies = (
			);
			name = BubbleTalk;
			productName = BubbleTalk;
			productReference = 38FF0915237C236700E2CF31 /* BubbleTalk.app */;
			productType = "com.apple.product-type.application";
		};
/* End PBXNativeTarget section */

/* Begin PBXProject section */
		38FF090D237C236700E2CF31 /* Project object */ = {
			isa = PBXProject;
			attributes = {
				LastSwiftUpdateCheck = 1110;
				LastUpgradeCheck = 1110;
				ORGANIZATIONNAME = BubbleTalkTeam;
				TargetAttributes = {
					38FF0914237C236700E2CF31 = {
						CreatedOnToolsVersion = 11.1;
					};
				};
			};
			buildConfigurationList = 38FF0910237C236700E2CF31 /* Build configuration list for PBXProject "BubbleTalk" */;
			compatibilityVersion = "Xcode 9.3";
			developmentRegion = en;
			hasScannedForEncodings = 0;
			knownRegions = (
				en,
				Base,
			);
			mainGroup = 38FF090C237C236700E2CF31;
			productRefGroup = 38FF0916237C236700E2CF31 /* Products */;
			projectDirPath = "";
			projectRoot = "";
			targets = (
				38FF0914237C236700E2CF31 /* BubbleTalk */,
			);
		};
/* End PBXProject section */

/* Begin PBXResourcesBuildPhase section */
		38FF0913237C236700E2CF31 /* Resources */ = {
			isa = PBXResourcesBuildPhase;
			buildActionMask = 2147483647;
			files = (
				38B5A37C238279430030BD76 /* textData.json in Resources */,
				38FF0925237C236900E2CF31 /* LaunchScreen.storyboard in Resources */,
				38FF0922237C236900E2CF31 /* Assets.xcassets in Resources */,
				38FF0920237C236700E2CF31 /* Main.storyboard in Resources */,
			);
			runOnlyForDeploymentPostprocessing = 0;
		};
/* End PBXResourcesBuildPhase section */

/* Begin PBXSourcesBuildPhase section */
		38FF0911237C236700E2CF31 /* Sources */ = {
			isa = PBXSourcesBuildPhase;
			buildActionMask = 2147483647;
			files = (
				38D875BF238180DA00D8D0AA /* OneBubble.swift in Sources */,
				38D875B923817F6C00D8D0AA /* Bubble.swift in Sources */,
				38392259238E3E46000A9B0E /* BluetoothPeripheral.swift in Sources */,
				38D875BD238180A700D8D0AA /* BubbleView.swift in Sources */,
				389CEE582387A343003ED291 /* SentBubbles.swift in Sources */,
				38FF091D237C236700E2CF31 /* ViewController.swift in Sources */,
				38FF0919237C236700E2CF31 /* AppDelegate.swift in Sources */,
				38FF091B237C236700E2CF31 /* SceneDelegate.swift in Sources */,
				389CEE562387A2E0003ED291 /* ReceivedBubbles.swift in Sources */,
				38392257238E3E09000A9B0E /* BluetoothCentral.swift in Sources */,
				0A63BCAE2382AB57009372E9 /* BubbleManager.swift in Sources */,
			);
			runOnlyForDeploymentPostprocessing = 0;
		};
/* End PBXSourcesBuildPhase section */

/* Begin PBXVariantGroup section */
		38FF091E237C236700E2CF31 /* Main.storyboard */ = {
			isa = PBXVariantGroup;
			children = (
				38FF091F237C236700E2CF31 /* Base */,
			);
			name = Main.storyboard;
			sourceTree = "<group>";
		};
		38FF0923237C236900E2CF31 /* LaunchScreen.storyboard */ = {
			isa = PBXVariantGroup;
			children = (
				38FF0924237C236900E2CF31 /* Base */,
			);
			name = LaunchScreen.storyboard;
			sourceTree = "<group>";
		};
/* End PBXVariantGroup section */

/* Begin XCBuildConfiguration section */
		38FF0927237C236900E2CF31 /* Debug */ = {
			isa = XCBuildConfiguration;
			buildSettings = {
				ALWAYS_SEARCH_USER_PATHS = NO;
				CLANG_ANALYZER_NONNULL = YES;
				CLANG_ANALYZER_NUMBER_OBJECT_CONVERSION = YES_AGGRESSIVE;
				CLANG_CXX_LANGUAGE_STANDARD = "gnu++14";
				CLANG_CXX_LIBRARY = "libc++";
				CLANG_ENABLE_MODULES = YES;
				CLANG_ENABLE_OBJC_ARC = YES;
				CLANG_ENABLE_OBJC_WEAK = YES;
				CLANG_WARN_BLOCK_CAPTURE_AUTORELEASING = YES;
				CLANG_WARN_BOOL_CONVERSION = YES;
				CLANG_WARN_COMMA = YES;
				CLANG_WARN_CONSTANT_CONVERSION = YES;
				CLANG_WARN_DEPRECATED_OBJC_IMPLEMENTATIONS = YES;
				CLANG_WARN_DIRECT_OBJC_ISA_USAGE = YES_ERROR;
				CLANG_WARN_DOCUMENTATION_COMMENTS = YES;
				CLANG_WARN_EMPTY_BODY = YES;
				CLANG_WARN_ENUM_CONVERSION = YES;
				CLANG_WARN_INFINITE_RECURSION = YES;
				CLANG_WARN_INT_CONVERSION = YES;
				CLANG_WARN_NON_LITERAL_NULL_CONVERSION = YES;
				CLANG_WARN_OBJC_IMPLICIT_RETAIN_SELF = YES;
				CLANG_WARN_OBJC_LITERAL_CONVERSION = YES;
				CLANG_WARN_OBJC_ROOT_CLASS = YES_ERROR;
				CLANG_WARN_RANGE_LOOP_ANALYSIS = YES;
				CLANG_WARN_STRICT_PROTOTYPES = YES;
				CLANG_WARN_SUSPICIOUS_MOVE = YES;
				CLANG_WARN_UNGUARDED_AVAILABILITY = YES_AGGRESSIVE;
				CLANG_WARN_UNREACHABLE_CODE = YES;
				CLANG_WARN__DUPLICATE_METHOD_MATCH = YES;
				COPY_PHASE_STRIP = NO;
				DEBUG_INFORMATION_FORMAT = dwarf;
				ENABLE_STRICT_OBJC_MSGSEND = YES;
				ENABLE_TESTABILITY = YES;
				GCC_C_LANGUAGE_STANDARD = gnu11;
				GCC_DYNAMIC_NO_PIC = NO;
				GCC_NO_COMMON_BLOCKS = YES;
				GCC_OPTIMIZATION_LEVEL = 0;
				GCC_PREPROCESSOR_DEFINITIONS = (
					"DEBUG=1",
					"$(inherited)",
				);
				GCC_WARN_64_TO_32_BIT_CONVERSION = YES;
				GCC_WARN_ABOUT_RETURN_TYPE = YES_ERROR;
				GCC_WARN_UNDECLARED_SELECTOR = YES;
				GCC_WARN_UNINITIALIZED_AUTOS = YES_AGGRESSIVE;
				GCC_WARN_UNUSED_FUNCTION = YES;
				GCC_WARN_UNUSED_VARIABLE = YES;
				IPHONEOS_DEPLOYMENT_TARGET = 13.1;
				MTL_ENABLE_DEBUG_INFO = INCLUDE_SOURCE;
				MTL_FAST_MATH = YES;
				ONLY_ACTIVE_ARCH = YES;
				SDKROOT = iphoneos;
				SWIFT_ACTIVE_COMPILATION_CONDITIONS = DEBUG;
				SWIFT_OPTIMIZATION_LEVEL = "-Onone";
			};
			name = Debug;
		};
		38FF0928237C236900E2CF31 /* Release */ = {
			isa = XCBuildConfiguration;
			buildSettings = {
				ALWAYS_SEARCH_USER_PATHS = NO;
				CLANG_ANALYZER_NONNULL = YES;
				CLANG_ANALYZER_NUMBER_OBJECT_CONVERSION = YES_AGGRESSIVE;
				CLANG_CXX_LANGUAGE_STANDARD = "gnu++14";
				CLANG_CXX_LIBRARY = "libc++";
				CLANG_ENABLE_MODULES = YES;
				CLANG_ENABLE_OBJC_ARC = YES;
				CLANG_ENABLE_OBJC_WEAK = YES;
				CLANG_WARN_BLOCK_CAPTURE_AUTORELEASING = YES;
				CLANG_WARN_BOOL_CONVERSION = YES;
				CLANG_WARN_COMMA = YES;
				CLANG_WARN_CONSTANT_CONVERSION = YES;
				CLANG_WARN_DEPRECATED_OBJC_IMPLEMENTATIONS = YES;
				CLANG_WARN_DIRECT_OBJC_ISA_USAGE = YES_ERROR;
				CLANG_WARN_DOCUMENTATION_COMMENTS = YES;
				CLANG_WARN_EMPTY_BODY = YES;
				CLANG_WARN_ENUM_CONVERSION = YES;
				CLANG_WARN_INFINITE_RECURSION = YES;
				CLANG_WARN_INT_CONVERSION = YES;
				CLANG_WARN_NON_LITERAL_NULL_CONVERSION = YES;
				CLANG_WARN_OBJC_IMPLICIT_RETAIN_SELF = YES;
				CLANG_WARN_OBJC_LITERAL_CONVERSION = YES;
				CLANG_WARN_OBJC_ROOT_CLASS = YES_ERROR;
				CLANG_WARN_RANGE_LOOP_ANALYSIS = YES;
				CLANG_WARN_STRICT_PROTOTYPES = YES;
				CLANG_WARN_SUSPICIOUS_MOVE = YES;
				CLANG_WARN_UNGUARDED_AVAILABILITY = YES_AGGRESSIVE;
				CLANG_WARN_UNREACHABLE_CODE = YES;
				CLANG_WARN__DUPLICATE_METHOD_MATCH = YES;
				COPY_PHASE_STRIP = NO;
				DEBUG_INFORMATION_FORMAT = "dwarf-with-dsym";
				ENABLE_NS_ASSERTIONS = NO;
				ENABLE_STRICT_OBJC_MSGSEND = YES;
				GCC_C_LANGUAGE_STANDARD = gnu11;
				GCC_NO_COMMON_BLOCKS = YES;
				GCC_WARN_64_TO_32_BIT_CONVERSION = YES;
				GCC_WARN_ABOUT_RETURN_TYPE = YES_ERROR;
				GCC_WARN_UNDECLARED_SELECTOR = YES;
				GCC_WARN_UNINITIALIZED_AUTOS = YES_AGGRESSIVE;
				GCC_WARN_UNUSED_FUNCTION = YES;
				GCC_WARN_UNUSED_VARIABLE = YES;
				IPHONEOS_DEPLOYMENT_TARGET = 13.1;
				MTL_ENABLE_DEBUG_INFO = NO;
				MTL_FAST_MATH = YES;
				SDKROOT = iphoneos;
				SWIFT_COMPILATION_MODE = wholemodule;
				SWIFT_OPTIMIZATION_LEVEL = "-O";
				VALIDATE_PRODUCT = YES;
			};
			name = Release;
		};
		38FF092A237C236900E2CF31 /* Debug */ = {
			isa = XCBuildConfiguration;
			buildSettings = {
				ASSETCATALOG_COMPILER_APPICON_NAME = AppIcon;
				CODE_SIGN_STYLE = Automatic;
				DEVELOPMENT_TEAM = "";
				INFOPLIST_FILE = BubbleTalk/Info.plist;
				LD_RUNPATH_SEARCH_PATHS = (
					"$(inherited)",
					"@executable_path/Frameworks",
				);
				PRODUCT_BUNDLE_IDENTIFIER = com.BubbleTalk;
				PRODUCT_NAME = "$(TARGET_NAME)";
				SWIFT_VERSION = 5.0;
				TARGETED_DEVICE_FAMILY = "1,2";
			};
			name = Debug;
		};
		38FF092B237C236900E2CF31 /* Release */ = {
			isa = XCBuildConfiguration;
			buildSettings = {
				ASSETCATALOG_COMPILER_APPICON_NAME = AppIcon;
				CODE_SIGN_STYLE = Automatic;
				DEVELOPMENT_TEAM = "";
				INFOPLIST_FILE = BubbleTalk/Info.plist;
				LD_RUNPATH_SEARCH_PATHS = (
					"$(inherited)",
					"@executable_path/Frameworks",
				);
				PRODUCT_BUNDLE_IDENTIFIER = com.BubbleTalk;
				PRODUCT_NAME = "$(TARGET_NAME)";
				SWIFT_VERSION = 5.0;
				TARGETED_DEVICE_FAMILY = "1,2";
			};
			name = Release;
		};
/* End XCBuildConfiguration section */

/* Begin XCConfigurationList section */
		38FF0910237C236700E2CF31 /* Build configuration list for PBXProject "BubbleTalk" */ = {
			isa = XCConfigurationList;
			buildConfigurations = (
				38FF0927237C236900E2CF31 /* Debug */,
				38FF0928237C236900E2CF31 /* Release */,
			);
			defaultConfigurationIsVisible = 0;
			defaultConfigurationName = Release;
		};
		38FF0929237C236900E2CF31 /* Build configuration list for PBXNativeTarget "BubbleTalk" */ = {
			isa = XCConfigurationList;
			buildConfigurations = (
				38FF092A237C236900E2CF31 /* Debug */,
				38FF092B237C236900E2CF31 /* Release */,
			);
			defaultConfigurationIsVisible = 0;
			defaultConfigurationName = Release;
		};
/* End XCConfigurationList section */
	};
	rootObject = 38FF090D237C236700E2CF31 /* Project object */;
}
